
Microsoft Visual Studio Solution File, Format Version 12.00
# Visual Studio Version 17
VisualStudioVersion = 17.6.33829.357
MinimumVisualStudioVersion = 10.0.40219.1
Project("{FAE04EC0-301F-11D3-BF4B-00C04F79EFBC}") = "FirstWindowsAPP", "FirstWindowsAPP\FirstWindowsAPP.csproj", "{77B4C459-288B-471F-8F31-1093110756C3}"
EndProject
Global
	GlobalSection(SolutionConfigurationPlatforms) = preSolution
		Debug|Any CPU = Debug|Any CPU
		Release|Any CPU = Release|Any CPU
	EndGlobalSection
	GlobalSection(ProjectConfigurationPlatforms) = postSolution
		{77B4C459-288B-471F-8F31-1093110756C3}.Debug|Any CPU.ActiveCfg = Debug|Any CPU
		{77B4C459-288B-471F-8F31-1093110756C3}.Debug|Any CPU.Build.0 = Debug|Any CPU
		{77B4C459-288B-471F-8F31-1093110756C3}.Release|Any CPU.ActiveCfg = Release|Any CPU
		{77B4C459-288B-471F-8F31-1093110756C3}.Release|Any CPU.Build.0 = Release|Any CPU
	EndGlobalSection
	GlobalSection(SolutionProperties) = preSolution
		HideSolutionNode = FALSE
	EndGlobalSection
	GlobalSection(ExtensibilityGlobals) = postSolution
		SolutionGuid = {0ACBF58B-6241-4A98-8D24-A28F7D26129E}
	EndGlobalSection
EndGlobal
